
Microsoft Visual Studio Solution File, Format Version 12.00
# Visual Studio Version 17
VisualStudioVersion = 17.10.35004.147
MinimumVisualStudioVersion = 10.0.40219.1
Project("{FAE04EC0-301F-11D3-BF4B-00C04F79EFBC}") = "Shopping", "Shopping\Shopping.csproj", "{37FB3FA7-F8A1-4DD9-9F9D-9CD91C3449E9}"
EndProject
Global
	GlobalSection(SolutionConfigurationPlatforms) = preSolution
		Debug|Any CPU = Debug|Any CPU
		Release|Any CPU = Release|Any CPU
	EndGlobalSection
	GlobalSection(ProjectConfigurationPlatforms) = postSolution
		{37FB3FA7-F8A1-4DD9-9F9D-9CD91C3449E9}.Debug|Any CPU.ActiveCfg = Debug|Any CPU
		{37FB3FA7-F8A1-4DD9-9F9D-9CD91C3449E9}.Debug|Any CPU.Build.0 = Debug|Any CPU
		{37FB3FA7-F8A1-4DD9-9F9D-9CD91C3449E9}.Release|Any CPU.ActiveCfg = Release|Any CPU
		{37FB3FA7-F8A1-4DD9-9F9D-9CD91C3449E9}.Release|Any CPU.Build.0 = Release|Any CPU
	EndGlobalSection
	GlobalSection(SolutionProperties) = preSolution
		HideSolutionNode = FALSE
	EndGlobalSection
	GlobalSection(ExtensibilityGlobals) = postSolution
		SolutionGuid = {C918F7C8-5A42-4654-A81A-7E9A77543C9E}
	EndGlobalSection
EndGlobal
